{
  "requires": true,
  "lockfileVersion": 1,
  "dependencies": {
    "base64url": {
      "version": "0.0.6",
      "resolved": "https://registry.npmjs.org/base64url/-/base64url-0.0.6.tgz",
      "integrity": "sha1-lZezazMNscQkdzIuqH6oAnSZuCs="
    },
    "jsrsasign": {
      "version": "0.0.3",
      "resolved": "https://registry.npmjs.org/jsrsasign/-/jsrsasign-0.0.3.tgz",
      "integrity": "sha1-gUWJTMqIliDE5t79tf2GU+cyXmE="
    },
    "jwa": {
      "version": "0.0.1",
      "resolved": "https://registry.npmjs.org/jwa/-/jwa-0.0.1.tgz",
      "integrity": "sha1-LQX1TWjxcGSMMP5FlEcxo4jNB8w=",
      "requires": {
        "base64url": "0.0.6"
      }
    },
    "jws": {
      "version": "0.2.6",
      "resolved": "https://registry.npmjs.org/jws/-/jws-0.2.6.tgz",
      "integrity": "sha1-6bfprI0qwQZ0EyM7xsIPvYho6bo=",
      "requires": {
        "base64url": "0.0.6",
        "jwa": "0.0.1"
      }
    },
    "jws-jwk": {
      "version": "0.1.4",
      "resolved": "https://registry.npmjs.org/jws-jwk/-/jws-jwk-0.1.4.tgz",
      "integrity": "sha1-Y0anU0nmSq5lnBOy9xjCbstXdFU=",
      "requires": {
        "jsrsasign": "0.0.3",
        "jws": "0.2.6",
        "object-assign": "1.0.0",
        "rsa-pem-from-mod-exp": "0.8.4"
      }
    },
    "object-assign": {
      "version": "1.0.0",
      "resolved": "https://registry.npmjs.org/object-assign/-/object-assign-1.0.0.tgz",
      "integrity": "sha1-5l3Idm07R7S4MHRlyDEdoDCwcKY="
    },
    "rsa-pem-from-mod-exp": {
      "version": "0.8.4",
      "resolved": "https://registry.npmjs.org/rsa-pem-from-mod-exp/-/rsa-pem-from-mod-exp-0.8.4.tgz",
      "integrity": "sha1-NipCxtMEBW1JOz8SvOq7LGV2ptQ="
    }
  }
}
